
Microsoft Visual Studio Solution File, Format Version 12.00
# Visual Studio Version 16
VisualStudioVersion = 16.0.31613.86
MinimumVisualStudioVersion = 10.0.40219.1
Project("{FAE04EC0-301F-11D3-BF4B-00C04F79EFBC}") = "PlayerApp", "PlayerApp.csproj", "{EDBEF702-A36D-4994-A6C9-A3A3C40A2BB0}"
EndProject
Global
	GlobalSection(SolutionConfigurationPlatforms) = preSolution
		Debug|Any CPU = Debug|Any CPU
		Release|Any CPU = Release|Any CPU
	EndGlobalSection
	GlobalSection(ProjectConfigurationPlatforms) = postSolution
		{EDBEF702-A36D-4994-A6C9-A3A3C40A2BB0}.Debug|Any CPU.ActiveCfg = Debug|Any CPU
		{EDBEF702-A36D-4994-A6C9-A3A3C40A2BB0}.Debug|Any CPU.Build.0 = Debug|Any CPU
		{EDBEF702-A36D-4994-A6C9-A3A3C40A2BB0}.Release|Any CPU.ActiveCfg = Release|Any CPU
		{EDBEF702-A36D-4994-A6C9-A3A3C40A2BB0}.Release|Any CPU.Build.0 = Release|Any CPU
	EndGlobalSection
	GlobalSection(SolutionProperties) = preSolution
		HideSolutionNode = FALSE
	EndGlobalSection
	GlobalSection(ExtensibilityGlobals) = postSolution
		SolutionGuid = {9050535C-BFAD-4383-8206-25B0B13DA0AD}
	EndGlobalSection
EndGlobal
