
Microsoft Visual Studio Solution File, Format Version 12.00
# Visual Studio Version 16
VisualStudioVersion = 16.0.31613.86
MinimumVisualStudioVersion = 10.0.40219.1
Project("{FAE04EC0-301F-11D3-BF4B-00C04F79EFBC}") = "InterfaceMovableApp", "InterfaceMovableApp.csproj", "{59C51E41-6459-410F-9A92-82C76F5C1E4D}"
EndProject
Global
	GlobalSection(SolutionConfigurationPlatforms) = preSolution
		Debug|Any CPU = Debug|Any CPU
		Release|Any CPU = Release|Any CPU
	EndGlobalSection
	GlobalSection(ProjectConfigurationPlatforms) = postSolution
		{59C51E41-6459-410F-9A92-82C76F5C1E4D}.Debug|Any CPU.ActiveCfg = Debug|Any CPU
		{59C51E41-6459-410F-9A92-82C76F5C1E4D}.Debug|Any CPU.Build.0 = Debug|Any CPU
		{59C51E41-6459-410F-9A92-82C76F5C1E4D}.Release|Any CPU.ActiveCfg = Release|Any CPU
		{59C51E41-6459-410F-9A92-82C76F5C1E4D}.Release|Any CPU.Build.0 = Release|Any CPU
	EndGlobalSection
	GlobalSection(SolutionProperties) = preSolution
		HideSolutionNode = FALSE
	EndGlobalSection
	GlobalSection(ExtensibilityGlobals) = postSolution
		SolutionGuid = {42ABF83C-7708-4671-97A8-1F0D57D78335}
	EndGlobalSection
EndGlobal
