
Microsoft Visual Studio Solution File, Format Version 12.00
# Visual Studio Version 16
VisualStudioVersion = 16.0.31613.86
MinimumVisualStudioVersion = 10.0.40219.1
Project("{FAE04EC0-301F-11D3-BF4B-00C04F79EFBC}") = "DIPViolation", "DIPViolation\DIPViolation.csproj", "{1759C64A-D916-4CF5-BDFD-C51B2BD0EB1B}"
EndProject
Project("{FAE04EC0-301F-11D3-BF4B-00C04F79EFBC}") = "DIPSolution", "DIPSolution\DIPSolution.csproj", "{C54F7E17-F946-45E2-A50D-5946E2EBEC97}"
EndProject
Global
	GlobalSection(SolutionConfigurationPlatforms) = preSolution
		Debug|Any CPU = Debug|Any CPU
		Release|Any CPU = Release|Any CPU
	EndGlobalSection
	GlobalSection(ProjectConfigurationPlatforms) = postSolution
		{1759C64A-D916-4CF5-BDFD-C51B2BD0EB1B}.Debug|Any CPU.ActiveCfg = Debug|Any CPU
		{1759C64A-D916-4CF5-BDFD-C51B2BD0EB1B}.Debug|Any CPU.Build.0 = Debug|Any CPU
		{1759C64A-D916-4CF5-BDFD-C51B2BD0EB1B}.Release|Any CPU.ActiveCfg = Release|Any CPU
		{1759C64A-D916-4CF5-BDFD-C51B2BD0EB1B}.Release|Any CPU.Build.0 = Release|Any CPU
		{C54F7E17-F946-45E2-A50D-5946E2EBEC97}.Debug|Any CPU.ActiveCfg = Debug|Any CPU
		{C54F7E17-F946-45E2-A50D-5946E2EBEC97}.Debug|Any CPU.Build.0 = Debug|Any CPU
		{C54F7E17-F946-45E2-A50D-5946E2EBEC97}.Release|Any CPU.ActiveCfg = Release|Any CPU
		{C54F7E17-F946-45E2-A50D-5946E2EBEC97}.Release|Any CPU.Build.0 = Release|Any CPU
	EndGlobalSection
	GlobalSection(SolutionProperties) = preSolution
		HideSolutionNode = FALSE
	EndGlobalSection
	GlobalSection(ExtensibilityGlobals) = postSolution
		SolutionGuid = {42BD7BD3-F7A9-4F29-9F94-A911870F4E1C}
	EndGlobalSection
EndGlobal
