
Microsoft Visual Studio Solution File, Format Version 12.00
# Visual Studio Version 16
VisualStudioVersion = 16.0.31613.86
MinimumVisualStudioVersion = 10.0.40219.1
Project("{FAE04EC0-301F-11D3-BF4B-00C04F79EFBC}") = "OverLoadingApp", "OverLoadingApp.csproj", "{68E8F367-94D4-41EB-86AB-A0A562A7907D}"
EndProject
Global
	GlobalSection(SolutionConfigurationPlatforms) = preSolution
		Debug|Any CPU = Debug|Any CPU
		Release|Any CPU = Release|Any CPU
	EndGlobalSection
	GlobalSection(ProjectConfigurationPlatforms) = postSolution
		{68E8F367-94D4-41EB-86AB-A0A562A7907D}.Debug|Any CPU.ActiveCfg = Debug|Any CPU
		{68E8F367-94D4-41EB-86AB-A0A562A7907D}.Debug|Any CPU.Build.0 = Debug|Any CPU
		{68E8F367-94D4-41EB-86AB-A0A562A7907D}.Release|Any CPU.ActiveCfg = Release|Any CPU
		{68E8F367-94D4-41EB-86AB-A0A562A7907D}.Release|Any CPU.Build.0 = Release|Any CPU
	EndGlobalSection
	GlobalSection(SolutionProperties) = preSolution
		HideSolutionNode = FALSE
	EndGlobalSection
	GlobalSection(ExtensibilityGlobals) = postSolution
		SolutionGuid = {A46B0D43-DC8F-4DA9-9650-FE26AAC3588B}
	EndGlobalSection
EndGlobal
