
Microsoft Visual Studio Solution File, Format Version 12.00
# Visual Studio Version 16
VisualStudioVersion = 16.0.31613.86
MinimumVisualStudioVersion = 10.0.40219.1
Project("{FAE04EC0-301F-11D3-BF4B-00C04F79EFBC}") = "EmployeeDataAnalyzerApp", "EmployeeDataAnalyzerApp.csproj", "{EF52CD94-6AE0-4267-94DB-9544251B3F12}"
EndProject
Global
	GlobalSection(SolutionConfigurationPlatforms) = preSolution
		Debug|Any CPU = Debug|Any CPU
		Release|Any CPU = Release|Any CPU
	EndGlobalSection
	GlobalSection(ProjectConfigurationPlatforms) = postSolution
		{EF52CD94-6AE0-4267-94DB-9544251B3F12}.Debug|Any CPU.ActiveCfg = Debug|Any CPU
		{EF52CD94-6AE0-4267-94DB-9544251B3F12}.Debug|Any CPU.Build.0 = Debug|Any CPU
		{EF52CD94-6AE0-4267-94DB-9544251B3F12}.Release|Any CPU.ActiveCfg = Release|Any CPU
		{EF52CD94-6AE0-4267-94DB-9544251B3F12}.Release|Any CPU.Build.0 = Release|Any CPU
	EndGlobalSection
	GlobalSection(SolutionProperties) = preSolution
		HideSolutionNode = FALSE
	EndGlobalSection
	GlobalSection(ExtensibilityGlobals) = postSolution
		SolutionGuid = {DF995405-2DB8-43A8-A783-2DA93D041601}
	EndGlobalSection
EndGlobal
