
Microsoft Visual Studio Solution File, Format Version 12.00
# Visual Studio Version 16
VisualStudioVersion = 16.0.31613.86
MinimumVisualStudioVersion = 10.0.40219.1
Project("{FAE04EC0-301F-11D3-BF4B-00C04F79EFBC}") = "ConsoleApp3", "ConsoleApp3.csproj", "{2D60A944-EA93-42E1-A6A4-91D3746898D7}"
EndProject
Global
	GlobalSection(SolutionConfigurationPlatforms) = preSolution
		Debug|Any CPU = Debug|Any CPU
		Release|Any CPU = Release|Any CPU
	EndGlobalSection
	GlobalSection(ProjectConfigurationPlatforms) = postSolution
		{2D60A944-EA93-42E1-A6A4-91D3746898D7}.Debug|Any CPU.ActiveCfg = Debug|Any CPU
		{2D60A944-EA93-42E1-A6A4-91D3746898D7}.Debug|Any CPU.Build.0 = Debug|Any CPU
		{2D60A944-EA93-42E1-A6A4-91D3746898D7}.Release|Any CPU.ActiveCfg = Release|Any CPU
		{2D60A944-EA93-42E1-A6A4-91D3746898D7}.Release|Any CPU.Build.0 = Release|Any CPU
	EndGlobalSection
	GlobalSection(SolutionProperties) = preSolution
		HideSolutionNode = FALSE
	EndGlobalSection
	GlobalSection(ExtensibilityGlobals) = postSolution
		SolutionGuid = {8216C2CA-FF8C-4A3D-ADAF-3EF6214019E3}
	EndGlobalSection
EndGlobal
