
Microsoft Visual Studio Solution File, Format Version 12.00
# Visual Studio Version 16
VisualStudioVersion = 16.0.31613.86
MinimumVisualStudioVersion = 10.0.40219.1
Project("{FAE04EC0-301F-11D3-BF4B-00C04F79EFBC}") = "AurionProMathCalculator", "AurionProMathCalculator.csproj", "{EAB5E9BD-F194-433E-B19E-F58F8C219134}"
EndProject
Project("{FAE04EC0-301F-11D3-BF4B-00C04F79EFBC}") = "AurionProMathUnitTest", "..\AorionProMathUnitTest\AurionProMathUnitTest.csproj", "{DE542D0D-B815-4740-A1A4-2C0BB6338DC1}"
EndProject
Global
	GlobalSection(SolutionConfigurationPlatforms) = preSolution
		Debug|Any CPU = Debug|Any CPU
		Release|Any CPU = Release|Any CPU
	EndGlobalSection
	GlobalSection(ProjectConfigurationPlatforms) = postSolution
		{EAB5E9BD-F194-433E-B19E-F58F8C219134}.Debug|Any CPU.ActiveCfg = Debug|Any CPU
		{EAB5E9BD-F194-433E-B19E-F58F8C219134}.Debug|Any CPU.Build.0 = Debug|Any CPU
		{EAB5E9BD-F194-433E-B19E-F58F8C219134}.Release|Any CPU.ActiveCfg = Release|Any CPU
		{EAB5E9BD-F194-433E-B19E-F58F8C219134}.Release|Any CPU.Build.0 = Release|Any CPU
		{DE542D0D-B815-4740-A1A4-2C0BB6338DC1}.Debug|Any CPU.ActiveCfg = Debug|Any CPU
		{DE542D0D-B815-4740-A1A4-2C0BB6338DC1}.Debug|Any CPU.Build.0 = Debug|Any CPU
		{DE542D0D-B815-4740-A1A4-2C0BB6338DC1}.Release|Any CPU.ActiveCfg = Release|Any CPU
		{DE542D0D-B815-4740-A1A4-2C0BB6338DC1}.Release|Any CPU.Build.0 = Release|Any CPU
	EndGlobalSection
	GlobalSection(SolutionProperties) = preSolution
		HideSolutionNode = FALSE
	EndGlobalSection
	GlobalSection(ExtensibilityGlobals) = postSolution
		SolutionGuid = {AEAC115F-7C14-497D-BAAD-0845CB672ED8}
	EndGlobalSection
EndGlobal
