
Microsoft Visual Studio Solution File, Format Version 12.00
# Visual Studio Version 16
VisualStudioVersion = 16.0.31613.86
MinimumVisualStudioVersion = 10.0.40219.1
Project("{FAE04EC0-301F-11D3-BF4B-00C04F79EFBC}") = "CircleEncapsulationTestApp", "CircleEncapsulationTestApp.csproj", "{FFE95A98-40BB-40D5-8C6C-7AF433B553C4}"
EndProject
Global
	GlobalSection(SolutionConfigurationPlatforms) = preSolution
		Debug|Any CPU = Debug|Any CPU
		Release|Any CPU = Release|Any CPU
	EndGlobalSection
	GlobalSection(ProjectConfigurationPlatforms) = postSolution
		{FFE95A98-40BB-40D5-8C6C-7AF433B553C4}.Debug|Any CPU.ActiveCfg = Debug|Any CPU
		{FFE95A98-40BB-40D5-8C6C-7AF433B553C4}.Debug|Any CPU.Build.0 = Debug|Any CPU
		{FFE95A98-40BB-40D5-8C6C-7AF433B553C4}.Release|Any CPU.ActiveCfg = Release|Any CPU
		{FFE95A98-40BB-40D5-8C6C-7AF433B553C4}.Release|Any CPU.Build.0 = Release|Any CPU
	EndGlobalSection
	GlobalSection(SolutionProperties) = preSolution
		HideSolutionNode = FALSE
	EndGlobalSection
	GlobalSection(ExtensibilityGlobals) = postSolution
		SolutionGuid = {63740632-DF28-49F5-A94A-C3667EC099B1}
	EndGlobalSection
EndGlobal
