
Microsoft Visual Studio Solution File, Format Version 12.00
# Visual Studio Version 16
VisualStudioVersion = 16.0.31613.86
MinimumVisualStudioVersion = 10.0.40219.1
Project("{FAE04EC0-301F-11D3-BF4B-00C04F79EFBC}") = "HashSetCrudApp", "HashSetCrudApp.csproj", "{D7F7080B-C00B-4C23-9898-7C3F86C28560}"
EndProject
Global
	GlobalSection(SolutionConfigurationPlatforms) = preSolution
		Debug|Any CPU = Debug|Any CPU
		Release|Any CPU = Release|Any CPU
	EndGlobalSection
	GlobalSection(ProjectConfigurationPlatforms) = postSolution
		{D7F7080B-C00B-4C23-9898-7C3F86C28560}.Debug|Any CPU.ActiveCfg = Debug|Any CPU
		{D7F7080B-C00B-4C23-9898-7C3F86C28560}.Debug|Any CPU.Build.0 = Debug|Any CPU
		{D7F7080B-C00B-4C23-9898-7C3F86C28560}.Release|Any CPU.ActiveCfg = Release|Any CPU
		{D7F7080B-C00B-4C23-9898-7C3F86C28560}.Release|Any CPU.Build.0 = Release|Any CPU
	EndGlobalSection
	GlobalSection(SolutionProperties) = preSolution
		HideSolutionNode = FALSE
	EndGlobalSection
	GlobalSection(ExtensibilityGlobals) = postSolution
		SolutionGuid = {2C111F46-45D0-4403-A171-597EA3DD52A2}
	EndGlobalSection
EndGlobal
