
Microsoft Visual Studio Solution File, Format Version 12.00
# Visual Studio Version 16
VisualStudioVersion = 16.0.31613.86
MinimumVisualStudioVersion = 10.0.40219.1
Project("{FAE04EC0-301F-11D3-BF4B-00C04F79EFBC}") = "PolymorphismApp", "PolymorphismApp.csproj", "{37CB2B3F-63C2-493B-85A5-B705DAF1133E}"
EndProject
Global
	GlobalSection(SolutionConfigurationPlatforms) = preSolution
		Debug|Any CPU = Debug|Any CPU
		Release|Any CPU = Release|Any CPU
	EndGlobalSection
	GlobalSection(ProjectConfigurationPlatforms) = postSolution
		{37CB2B3F-63C2-493B-85A5-B705DAF1133E}.Debug|Any CPU.ActiveCfg = Debug|Any CPU
		{37CB2B3F-63C2-493B-85A5-B705DAF1133E}.Debug|Any CPU.Build.0 = Debug|Any CPU
		{37CB2B3F-63C2-493B-85A5-B705DAF1133E}.Release|Any CPU.ActiveCfg = Release|Any CPU
		{37CB2B3F-63C2-493B-85A5-B705DAF1133E}.Release|Any CPU.Build.0 = Release|Any CPU
	EndGlobalSection
	GlobalSection(SolutionProperties) = preSolution
		HideSolutionNode = FALSE
	EndGlobalSection
	GlobalSection(ExtensibilityGlobals) = postSolution
		SolutionGuid = {A8EBB529-B36A-48AA-B5A9-CF235FD2A199}
	EndGlobalSection
EndGlobal
