
Microsoft Visual Studio Solution File, Format Version 12.00
# Visual Studio Version 16
VisualStudioVersion = 16.0.31613.86
MinimumVisualStudioVersion = 10.0.40219.1
Project("{FAE04EC0-301F-11D3-BF4B-00C04F79EFBC}") = "CircleEncapsulationApp", "CircleEncapsulationApp.csproj", "{5176A350-F2E9-4916-AC42-E5E4A55A9517}"
EndProject
Global
	GlobalSection(SolutionConfigurationPlatforms) = preSolution
		Debug|Any CPU = Debug|Any CPU
		Release|Any CPU = Release|Any CPU
	EndGlobalSection
	GlobalSection(ProjectConfigurationPlatforms) = postSolution
		{5176A350-F2E9-4916-AC42-E5E4A55A9517}.Debug|Any CPU.ActiveCfg = Debug|Any CPU
		{5176A350-F2E9-4916-AC42-E5E4A55A9517}.Debug|Any CPU.Build.0 = Debug|Any CPU
		{5176A350-F2E9-4916-AC42-E5E4A55A9517}.Release|Any CPU.ActiveCfg = Release|Any CPU
		{5176A350-F2E9-4916-AC42-E5E4A55A9517}.Release|Any CPU.Build.0 = Release|Any CPU
	EndGlobalSection
	GlobalSection(SolutionProperties) = preSolution
		HideSolutionNode = FALSE
	EndGlobalSection
	GlobalSection(ExtensibilityGlobals) = postSolution
		SolutionGuid = {B371E02E-7C06-4ADD-BFCD-986611EAC0AF}
	EndGlobalSection
EndGlobal
