
Microsoft Visual Studio Solution File, Format Version 12.00
# Visual Studio Version 16
VisualStudioVersion = 16.0.31613.86
MinimumVisualStudioVersion = 10.0.40219.1
Project("{FAE04EC0-301F-11D3-BF4B-00C04F79EFBC}") = "ProxyPatternApp", "ProxyPatternApp\ProxyPatternApp.csproj", "{118D1DFB-24A4-4A7E-B89B-EBD1D705F042}"
EndProject
Global
	GlobalSection(SolutionConfigurationPlatforms) = preSolution
		Debug|Any CPU = Debug|Any CPU
		Release|Any CPU = Release|Any CPU
	EndGlobalSection
	GlobalSection(ProjectConfigurationPlatforms) = postSolution
		{118D1DFB-24A4-4A7E-B89B-EBD1D705F042}.Debug|Any CPU.ActiveCfg = Debug|Any CPU
		{118D1DFB-24A4-4A7E-B89B-EBD1D705F042}.Debug|Any CPU.Build.0 = Debug|Any CPU
		{118D1DFB-24A4-4A7E-B89B-EBD1D705F042}.Release|Any CPU.ActiveCfg = Release|Any CPU
		{118D1DFB-24A4-4A7E-B89B-EBD1D705F042}.Release|Any CPU.Build.0 = Release|Any CPU
	EndGlobalSection
	GlobalSection(SolutionProperties) = preSolution
		HideSolutionNode = FALSE
	EndGlobalSection
	GlobalSection(ExtensibilityGlobals) = postSolution
		SolutionGuid = {B6D11A67-934D-40CC-BF53-D6B63DD1B6CE}
	EndGlobalSection
EndGlobal
